
Microsoft Visual Studio Solution File, Format Version 12.00
# Visual Studio Version 16
VisualStudioVersion = 16.0.30114.105
MinimumVisualStudioVersion = 10.0.40219.1
Project("{FAE04EC0-301F-11D3-BF4B-00C04F79EFBC}") = "Api", "Api\Api.csproj", "{6AF30094-87A6-427A-A536-9B757FCA12EB}"
EndProject
Project("{FAE04EC0-301F-11D3-BF4B-00C04F79EFBC}") = "Infrastructure", "Infrastructure\Infrastructure.csproj", "{D4899B1E-52F3-4CDB-87DB-53B939964427}"
EndProject
Global
	GlobalSection(SolutionConfigurationPlatforms) = preSolution
		Debug|Any CPU = Debug|Any CPU
		Release|Any CPU = Release|Any CPU
	EndGlobalSection
	GlobalSection(SolutionProperties) = preSolution
		HideSolutionNode = FALSE
	EndGlobalSection
	GlobalSection(ProjectConfigurationPlatforms) = postSolution
		{6AF30094-87A6-427A-A536-9B757FCA12EB}.Debug|Any CPU.ActiveCfg = Debug|Any CPU
		{6AF30094-87A6-427A-A536-9B757FCA12EB}.Debug|Any CPU.Build.0 = Debug|Any CPU
		{6AF30094-87A6-427A-A536-9B757FCA12EB}.Release|Any CPU.ActiveCfg = Release|Any CPU
		{6AF30094-87A6-427A-A536-9B757FCA12EB}.Release|Any CPU.Build.0 = Release|Any CPU
		{D4899B1E-52F3-4CDB-87DB-53B939964427}.Debug|Any CPU.ActiveCfg = Debug|Any CPU
		{D4899B1E-52F3-4CDB-87DB-53B939964427}.Debug|Any CPU.Build.0 = Debug|Any CPU
		{D4899B1E-52F3-4CDB-87DB-53B939964427}.Release|Any CPU.ActiveCfg = Release|Any CPU
		{D4899B1E-52F3-4CDB-87DB-53B939964427}.Release|Any CPU.Build.0 = Release|Any CPU
	EndGlobalSection
EndGlobal
